// !$*UTF8*$!
{ archiveVersion = 1; classes = {}; objectVersion = 56; objects = {
78D866079988890E66CB5E86 = { isa = PBXFileReference; lastKnownFileType = sourcecode.swift; path = "App.swift"; sourceTree = "<group>"; };
FC0925A75CC71D2471445E20 = { isa = PBXBuildFile; fileRef = 78D866079988890E66CB5E86; };
97C066191835EDF19CFFD405 = { isa = PBXFileReference; lastKnownFileType = sourcecode.swift; path = "BuildViews.swift"; sourceTree = "<group>"; };
1C7947FDE20BB17F41A034C6 = { isa = PBXBuildFile; fileRef = 97C066191835EDF19CFFD405; };
952D870C1CE17E94B507B8B2 = { isa = PBXFileReference; lastKnownFileType = sourcecode.swift; path = "FileAccess.swift"; sourceTree = "<group>"; };
9285A11C31F32F5BBA374700 = { isa = PBXBuildFile; fileRef = 952D870C1CE17E94B507B8B2; };
98EEA93F6A3B24224A00FC7C = { isa = PBXFileReference; lastKnownFileType = sourcecode.swift; path = "Store.swift"; sourceTree = "<group>"; };
335334E79EC585C835A0BE4A = { isa = PBXBuildFile; fileRef = 98EEA93F6A3B24224A00FC7C; };
EC50E35BC48186DC50FA77BA = { isa = PBXFileReference; lastKnownFileType = sourcecode.swift; path = "WorkspaceViews.swift"; sourceTree = "<group>"; };
F66CE4DFA1AEF8A2CA0984AD = { isa = PBXBuildFile; fileRef = EC50E35BC48186DC50FA77BA; };
E10C5ADBE2C7EDE1B2EF6FBB = { isa = PBXGroup; children = (78D866079988890E66CB5E86,97C066191835EDF19CFFD405,952D870C1CE17E94B507B8B2,98EEA93F6A3B24224A00FC7C,EC50E35BC48186DC50FA77BA,); path = "Sources/StageDisc"; sourceTree = "<group>"; };
E97F5840797A8EA6EC0813E4 = { isa = PBXSourcesBuildPhase; buildActionMask = 2147483647; files = (FC0925A75CC71D2471445E20,1C7947FDE20BB17F41A034C6,9285A11C31F32F5BBA374700,335334E79EC585C835A0BE4A,F66CE4DFA1AEF8A2CA0984AD,); runOnlyForDeploymentPostprocessing = 0; };
C822C8689C37D43C2E75E429 = { isa = PBXFileReference; lastKnownFileType = sourcecode.swift; path = "AudioAuthoring.swift"; sourceTree = "<group>"; };
B9E1C3DEA261413F8CFD7B5E = { isa = PBXBuildFile; fileRef = C822C8689C37D43C2E75E429; };
F042DAE2953350037D9B5EA0 = { isa = PBXFileReference; lastKnownFileType = sourcecode.swift; path = "Authoring.swift"; sourceTree = "<group>"; };
A155BAC9A6677DBCFB900616 = { isa = PBXBuildFile; fileRef = F042DAE2953350037D9B5EA0; };
172439FCCC4967BE94B5F7A2 = { isa = PBXFileReference; lastKnownFileType = sourcecode.swift; path = "BuildEngine.swift"; sourceTree = "<group>"; };
3AF26E74FB80D95B6890288A = { isa = PBXBuildFile; fileRef = 172439FCCC4967BE94B5F7A2; };
B52E775DF5CC06940BAC3415 = { isa = PBXFileReference; lastKnownFileType = sourcecode.swift; path = "MenuRenderer.swift"; sourceTree = "<group>"; };
C6FA7ADF1F24E71AAF89B031 = { isa = PBXBuildFile; fileRef = B52E775DF5CC06940BAC3415; };
97980348DFB565B5510CA898 = { isa = PBXFileReference; lastKnownFileType = sourcecode.swift; path = "Project.swift"; sourceTree = "<group>"; };
5ECBDEE3E66D8D491D64D7C1 = { isa = PBXBuildFile; fileRef = 97980348DFB565B5510CA898; };
A6E4713281B09A4A660CDCAC = { isa = PBXFileReference; lastKnownFileType = sourcecode.swift; path = "Tools.swift"; sourceTree = "<group>"; };
918268A3302A10A185EAF620 = { isa = PBXBuildFile; fileRef = A6E4713281B09A4A660CDCAC; };
19E59E5DFE6E7A82B1CA1952 = { isa = PBXGroup; children = (C822C8689C37D43C2E75E429,F042DAE2953350037D9B5EA0,172439FCCC4967BE94B5F7A2,B52E775DF5CC06940BAC3415,97980348DFB565B5510CA898,A6E4713281B09A4A660CDCAC,); path = "Sources/StageDiscCore"; sourceTree = "<group>"; };
4D88EA74A181A6899BBF0E8D = { isa = PBXSourcesBuildPhase; buildActionMask = 2147483647; files = (B9E1C3DEA261413F8CFD7B5E,A155BAC9A6677DBCFB900616,3AF26E74FB80D95B6890288A,C6FA7ADF1F24E71AAF89B031,5ECBDEE3E66D8D491D64D7C1,918268A3302A10A185EAF620,); runOnlyForDeploymentPostprocessing = 0; };
A172CEDCAE47474B615C54D5 = { isa = PBXFileReference; explicitFileType = wrapper.application; path = StageDisc.app; sourceTree = BUILT_PRODUCTS_DIR; };
B28CF6D6D554284295C1A958 = { isa = PBXFileReference; explicitFileType = wrapper.framework; path = StageDiscCore.framework; sourceTree = BUILT_PRODUCTS_DIR; };
41D311A605520FC7B8B9A980 = { isa = PBXFileReference; lastKnownFileType = folder; path = Resources; sourceTree = "<group>"; };
8BF729FFE074CAEE622C0292 = { isa = PBXFileReference; lastKnownFileType = folder.assetcatalog; path = AppIcon.xcassets; sourceTree = "<group>"; };
7F14CB6D5A6FF60331CD7072 = { isa = PBXBuildFile; fileRef = 8BF729FFE074CAEE622C0292; };
93578FE5950513DF667226C5 = { isa = PBXFileReference; lastKnownFileType = text; path = "LICENSE-FFmpeg.txt"; sourceTree = "<group>"; };
E9E9A69611E05A03D75F6B0C = { isa = PBXBuildFile; fileRef = 93578FE5950513DF667226C5; };
C2DA5CA0A9C9145BCE273193 = { isa = PBXFileReference; lastKnownFileType = text; path = "LICENSE-HD-Cookbook.txt"; sourceTree = "<group>"; };
4B679CE47377A02E8AA95FB6 = { isa = PBXBuildFile; fileRef = C2DA5CA0A9C9145BCE273193; };
B264D24D94F10A1C710B0AA8 = { isa = PBXFileReference; lastKnownFileType = text; path = "LICENSE-StageDisc.txt"; sourceTree = "<group>"; };
50D4F93BE5AD2325D91F6059 = { isa = PBXBuildFile; fileRef = B264D24D94F10A1C710B0AA8; };
EDB9DD51A0CB25C8A3FF8F56 = { isa = PBXFileReference; lastKnownFileType = text; path = "LICENSE-tsMuxer.txt"; sourceTree = "<group>"; };
2CC9470554095D08BF62339B = { isa = PBXBuildFile; fileRef = EDB9DD51A0CB25C8A3FF8F56; };
65550FEDBA0F4A30ECFB7F58 = { isa = PBXFileReference; lastKnownFileType = text; path = "LICENSE-x264.txt"; sourceTree = "<group>"; };
9842226DAEDFFAC7349B7BA2 = { isa = PBXBuildFile; fileRef = 65550FEDBA0F4A30ECFB7F58; };
F407FC76286ACEAF08EED508 = { isa = PBXFileReference; lastKnownFileType = text; path = "OpenSource.txt"; sourceTree = "<group>"; };
2E439BE6590A5B19FD79B566 = { isa = PBXBuildFile; fileRef = F407FC76286ACEAF08EED508; };
E42B8210583885E09F24ACF9 = { isa = PBXFileReference; lastKnownFileType = file; path = "PrivacyInfo.xcprivacy"; sourceTree = "<group>"; };
14FDC9B44275E1A00F91DC1D = { isa = PBXBuildFile; fileRef = E42B8210583885E09F24ACF9; };
59212FB700D90CB813DF263E = { isa = PBXFileReference; lastKnownFileType = file; path = "StageDisc.icns"; sourceTree = "<group>"; };
F1A7C1C17A79D3C404D1B6B3 = { isa = PBXBuildFile; fileRef = 59212FB700D90CB813DF263E; };
A525DC0F9BD26B133206EAD1 = { isa = PBXFileReference; lastKnownFileType = text; path = "THIRD_PARTY.md"; sourceTree = "<group>"; };
ABD5C19F496D606E15E47BCA = { isa = PBXBuildFile; fileRef = A525DC0F9BD26B133206EAD1; };
216545CD93C21EE95AD6D5B8 = { isa = PBXFileReference; lastKnownFileType = folder; path = "bin"; sourceTree = "<group>"; };
2C96706340156B30F03E090F = { isa = PBXBuildFile; fileRef = 216545CD93C21EE95AD6D5B8; };
6A0F1B55BAED5360EF4BF022 = { isa = PBXFileReference; lastKnownFileType = folder; path = "demo"; sourceTree = "<group>"; };
8B26C201B2DFEF177EF9A996 = { isa = PBXBuildFile; fileRef = 6A0F1B55BAED5360EF4BF022; };
CB08D76AE4FBC14B5B349CFD = { isa = PBXFileReference; lastKnownFileType = folder; path = "menu"; sourceTree = "<group>"; };
B47DA3941F01440B64A47648 = { isa = PBXBuildFile; fileRef = CB08D76AE4FBC14B5B349CFD; };
35A1031E991D85C2D12E5768 = { isa = PBXGroup; children = (93578FE5950513DF667226C5,C2DA5CA0A9C9145BCE273193,B264D24D94F10A1C710B0AA8,EDB9DD51A0CB25C8A3FF8F56,65550FEDBA0F4A30ECFB7F58,F407FC76286ACEAF08EED508,E42B8210583885E09F24ACF9,59212FB700D90CB813DF263E,A525DC0F9BD26B133206EAD1,216545CD93C21EE95AD6D5B8,6A0F1B55BAED5360EF4BF022,CB08D76AE4FBC14B5B349CFD,); path = Resources; sourceTree = "<group>"; };
0A3E27B8CA818264D75C8D81 = { isa = PBXGroup; children = (A172CEDCAE47474B615C54D5,B28CF6D6D554284295C1A958,); name = Products; sourceTree = "<group>"; };
AD936FCBED631FA67E05C3EA = { isa = PBXGroup; children = (E10C5ADBE2C7EDE1B2EF6FBB,19E59E5DFE6E7A82B1CA1952,35A1031E991D85C2D12E5768,8BF729FFE074CAEE622C0292,0A3E27B8CA818264D75C8D81,); sourceTree = "<group>"; };
5BE1B437EBF691EFCD56CD87 = { isa = PBXBuildFile; fileRef = B28CF6D6D554284295C1A958; };
D3A9B2B01FC8BE4A3145EE44 = { isa = PBXBuildFile; fileRef = B28CF6D6D554284295C1A958; settings = { ATTRIBUTES = (CodeSignOnCopy,RemoveHeadersOnCopy); }; };
E2AA269EB967A8853A258BFA = { isa = PBXFrameworksBuildPhase; buildActionMask = 2147483647; files = (5BE1B437EBF691EFCD56CD87,); runOnlyForDeploymentPostprocessing = 0; };
8A1EED22144C3F04485A69EE = { isa = PBXCopyFilesBuildPhase; buildActionMask = 2147483647; dstPath = ""; dstSubfolderSpec = 10; files = (D3A9B2B01FC8BE4A3145EE44,); name = "Embed Frameworks"; runOnlyForDeploymentPostprocessing = 0; };
0098CE0C53250DFAD241B9FD = { isa = PBXResourcesBuildPhase; buildActionMask = 2147483647; files = (7F14CB6D5A6FF60331CD7072,E9E9A69611E05A03D75F6B0C,4B679CE47377A02E8AA95FB6,50D4F93BE5AD2325D91F6059,2CC9470554095D08BF62339B,9842226DAEDFFAC7349B7BA2,2E439BE6590A5B19FD79B566,14FDC9B44275E1A00F91DC1D,F1A7C1C17A79D3C404D1B6B3,ABD5C19F496D606E15E47BCA,2C96706340156B30F03E090F,8B26C201B2DFEF177EF9A996,B47DA3941F01440B64A47648,); runOnlyForDeploymentPostprocessing = 0; };
1E5805D09722D3A985084C50 = { isa = PBXShellScriptBuildPhase; buildActionMask = 2147483647; files = (); inputPaths = (); outputPaths = (); name = "Sign embedded tools"; runOnlyForDeploymentPostprocessing = 0; shellPath = /bin/bash; shellScript = "bash \"$SRCROOT/Tools/sign-helpers.sh\"\n"; alwaysOutOfDate = 1; };
CC020C055ADD91CFC382C3FA = { isa = XCBuildConfiguration; buildSettings = { SDKROOT = "macosx"; MACOSX_DEPLOYMENT_TARGET = "14.0"; ARCHS = "arm64"; SWIFT_VERSION = "5.0"; MARKETING_VERSION = "1.0"; CURRENT_PROJECT_VERSION = "3"; CODE_SIGN_STYLE = "Automatic"; DEVELOPMENT_TEAM = ""; ENABLE_USER_SCRIPT_SANDBOXING = "NO"; SWIFT_STRICT_CONCURRENCY = "minimal"; PRODUCT_NAME = "StageDiscCore"; CODE_SIGN_IDENTITY = "-"; DEBUG_INFORMATION_FORMAT = "dwarf"; SWIFT_OPTIMIZATION_LEVEL = "-Onone"; PRODUCT_BUNDLE_IDENTIFIER = "uk.brimstonecottage.stagedisc.core"; GENERATE_INFOPLIST_FILE = "YES"; DEFINES_MODULE = "YES"; SKIP_INSTALL = "YES"; INSTALL_PATH = "$(LOCAL_LIBRARY_DIR)/Frameworks"; DYLIB_INSTALL_NAME_BASE = "@rpath"; }; name = Debug; };
05C9949D660571FEDEAFC0DC = { isa = XCBuildConfiguration; buildSettings = { SDKROOT = "macosx"; MACOSX_DEPLOYMENT_TARGET = "14.0"; ARCHS = "arm64"; SWIFT_VERSION = "5.0"; MARKETING_VERSION = "1.0"; CURRENT_PROJECT_VERSION = "3"; CODE_SIGN_STYLE = "Automatic"; DEVELOPMENT_TEAM = ""; ENABLE_USER_SCRIPT_SANDBOXING = "NO"; SWIFT_STRICT_CONCURRENCY = "minimal"; PRODUCT_NAME = "StageDiscCore"; CODE_SIGN_IDENTITY = "Apple Development"; DEBUG_INFORMATION_FORMAT = "dwarf-with-dsym"; SWIFT_OPTIMIZATION_LEVEL = "-O"; PRODUCT_BUNDLE_IDENTIFIER = "uk.brimstonecottage.stagedisc.core"; GENERATE_INFOPLIST_FILE = "YES"; DEFINES_MODULE = "YES"; SKIP_INSTALL = "YES"; INSTALL_PATH = "$(LOCAL_LIBRARY_DIR)/Frameworks"; DYLIB_INSTALL_NAME_BASE = "@rpath"; }; name = Release; };
8BAD57AA9CD598DCA2D059EC = { isa = XCConfigurationList; buildConfigurations = (CC020C055ADD91CFC382C3FA,05C9949D660571FEDEAFC0DC,); defaultConfigurationIsVisible = 0; defaultConfigurationName = Release; };
14F0D1E01C2C1EFB55C118BE = { isa = XCBuildConfiguration; buildSettings = { SDKROOT = "macosx"; MACOSX_DEPLOYMENT_TARGET = "14.0"; ARCHS = "arm64"; SWIFT_VERSION = "5.0"; MARKETING_VERSION = "1.0"; CURRENT_PROJECT_VERSION = "3"; CODE_SIGN_STYLE = "Automatic"; DEVELOPMENT_TEAM = ""; ENABLE_USER_SCRIPT_SANDBOXING = "NO"; SWIFT_STRICT_CONCURRENCY = "minimal"; PRODUCT_NAME = "StageDisc"; CODE_SIGN_IDENTITY = "-"; DEBUG_INFORMATION_FORMAT = "dwarf"; SWIFT_OPTIMIZATION_LEVEL = "-Onone"; PRODUCT_BUNDLE_IDENTIFIER = "uk.brimstonecottage.stagedisc"; INFOPLIST_FILE = "Tools/Xcode-Info.plist"; GENERATE_INFOPLIST_FILE = "NO"; ASSETCATALOG_COMPILER_APPICON_NAME = "AppIcon"; LD_RUNPATH_SEARCH_PATHS = "$(inherited) @executable_path/../Frameworks"; SKIP_INSTALL = "NO"; STAGEDISC_DISTRIBUTION = "local"; }; name = Debug; };
A3CDB112BC485AA49AB9280D = { isa = XCBuildConfiguration; buildSettings = { SDKROOT = "macosx"; MACOSX_DEPLOYMENT_TARGET = "14.0"; ARCHS = "arm64"; SWIFT_VERSION = "5.0"; MARKETING_VERSION = "1.0"; CURRENT_PROJECT_VERSION = "3"; CODE_SIGN_STYLE = "Automatic"; DEVELOPMENT_TEAM = ""; ENABLE_USER_SCRIPT_SANDBOXING = "NO"; SWIFT_STRICT_CONCURRENCY = "minimal"; PRODUCT_NAME = "StageDisc"; CODE_SIGN_IDENTITY = "Apple Development"; DEBUG_INFORMATION_FORMAT = "dwarf-with-dsym"; SWIFT_OPTIMIZATION_LEVEL = "-O"; PRODUCT_BUNDLE_IDENTIFIER = "uk.brimstonecottage.stagedisc"; INFOPLIST_FILE = "Tools/Xcode-Info.plist"; GENERATE_INFOPLIST_FILE = "NO"; ASSETCATALOG_COMPILER_APPICON_NAME = "AppIcon"; LD_RUNPATH_SEARCH_PATHS = "$(inherited) @executable_path/../Frameworks"; SKIP_INSTALL = "NO"; STAGEDISC_DISTRIBUTION = "app-store"; CODE_SIGN_ENTITLEMENTS = "Tools/StageDisc.entitlements"; ENABLE_APP_SANDBOX = "YES"; ENABLE_HARDENED_RUNTIME = "YES"; }; name = Release; };
4BD386C9FCF4A68DB760413A = { isa = XCConfigurationList; buildConfigurations = (14F0D1E01C2C1EFB55C118BE,A3CDB112BC485AA49AB9280D,); defaultConfigurationIsVisible = 0; defaultConfigurationName = Release; };
6AEDC2279CEEAD1E25929FA9 = { isa = PBXNativeTarget; buildConfigurationList = 8BAD57AA9CD598DCA2D059EC; buildPhases = (4D88EA74A181A6899BBF0E8D,); buildRules = (); dependencies = (); name = StageDiscCore; productName = StageDiscCore; productReference = B28CF6D6D554284295C1A958; productType = "com.apple.product-type.framework"; };
710B2B703626537DD616ED8F = { isa = PBXContainerItemProxy; containerPortal = 244210E48437B6556980A702; proxyType = 1; remoteGlobalIDString = 6AEDC2279CEEAD1E25929FA9; remoteInfo = StageDiscCore; };
10378D7D9AE0222B9BF37440 = { isa = PBXTargetDependency; target = 6AEDC2279CEEAD1E25929FA9; targetProxy = 710B2B703626537DD616ED8F; };
34A04005BCAF206EEC990BD9 = { isa = PBXNativeTarget; buildConfigurationList = 4BD386C9FCF4A68DB760413A; buildPhases = (E97F5840797A8EA6EC0813E4,E2AA269EB967A8853A258BFA,0098CE0C53250DFAD241B9FD,8A1EED22144C3F04485A69EE,1E5805D09722D3A985084C50,); buildRules = (); dependencies = (10378D7D9AE0222B9BF37440,); name = StageDisc; productName = StageDisc; productReference = A172CEDCAE47474B615C54D5; productType = "com.apple.product-type.application"; };
7607E060366236497909AD63 = { isa = XCBuildConfiguration; buildSettings = { CLANG_ENABLE_MODULES = YES; }; name = Debug; };
0CC31A010A9EAFED2597BEBC = { isa = XCBuildConfiguration; buildSettings = { CLANG_ENABLE_MODULES = YES; }; name = Release; };
DF10D92617D0252A0BF9C919 = { isa = XCConfigurationList; buildConfigurations = (7607E060366236497909AD63,0CC31A010A9EAFED2597BEBC,); defaultConfigurationIsVisible = 0; defaultConfigurationName = Release; };
244210E48437B6556980A702 = { isa = PBXProject; attributes = { LastUpgradeCheck = 2700; }; buildConfigurationList = DF10D92617D0252A0BF9C919; compatibilityVersion = "Xcode 14.0"; developmentRegion = en; hasScannedForEncodings = 0; knownRegions = (en,Base); mainGroup = AD936FCBED631FA67E05C3EA; productRefGroup = 0A3E27B8CA818264D75C8D81; projectDirPath = ""; projectRoot = ""; targets = (34A04005BCAF206EEC990BD9,6AEDC2279CEEAD1E25929FA9,); };
}; rootObject = 244210E48437B6556980A702; }
